// !$*UTF8*$!
{
	archiveVersion = 1;
	classes = {
	};
	objectVersion = 46;
	objects = {

/* Begin PBXBuildFile section */
		CF094E541DCC33CE0010F453 /* CoreSpotlight.framework in Frameworks */ = {isa = PBXBuildFile; fileRef = CF094E531DCC33CE0010F453 /* CoreSpotlight.framework */; };
		CF094E561DCC34280010F453 /* MobileCoreServices.framework in Frameworks */ = {isa = PBXBuildFile; fileRef = CF094E551DCC34280010F453 /* MobileCoreServices.framework */; };
		CF9FB0851DCAF7CA00468C28 /* AppDelegate.swift in Sources */ = {isa = PBXBuildFile; fileRef = CF9FB0841DCAF7CA00468C28 /* AppDelegate.swift */; };
		CF9FB08A1DCAF7CA00468C28 /* Main.storyboard in Resources */ = {isa = PBXBuildFile; fileRef = CF9FB0881DCAF7CA00468C28 /* Main.storyboard */; };
		CF9FB08C1DCAF7CA00468C28 /* Assets.xcassets in Resources */ = {isa = PBXBuildFile; fileRef = CF9FB08B1DCAF7CA00468C28 /* Assets.xcassets */; };
		CF9FB08F1DCAF7CA00468C28 /* LaunchScreen.storyboard in Resources */ = {isa = PBXBuildFile; fileRef = CF9FB08D1DCAF7CA00468C28 /* LaunchScreen.storyboard */; };
		CF9FB09A1DCAF7CA00468C28 /* TestTests.swift in Sources */ = {isa = PBXBuildFile; fileRef = CF9FB0991DCAF7CA00468C28 /* TestTests.swift */; };
		CF9FB0A51DCAF7CA00468C28 /* TestUITests.swift in Sources */ = {isa = PBXBuildFile; fileRef = CF9FB0A41DCAF7CA00468C28 /* TestUITests.swift */; };
		CF9FB0B31DCAFD2600468C28 /* EmployeeListController.swift in Sources */ = {isa = PBXBuildFile; fileRef = CF9FB0B21DCAFD2600468C28 /* EmployeeListController.swift */; };
		CF9FB0B51DCAFD4600468C28 /* EmployeeCreateController.swift in Sources */ = {isa = PBXBuildFile; fileRef = CF9FB0B41DCAFD4600468C28 /* EmployeeCreateController.swift */; };
		CF9FB0B71DCB270900468C28 /* StringExtension.swift in Sources */ = {isa = PBXBuildFile; fileRef = CF9FB0B61DCB270900468C28 /* StringExtension.swift */; };
/* End PBXBuildFile section */

/* Begin PBXContainerItemProxy section */
		CF9FB0961DCAF7CA00468C28 /* PBXContainerItemProxy */ = {
			isa = PBXContainerItemProxy;
			containerPortal = CF9FB0791DCAF7CA00468C28 /* Project object */;
			proxyType = 1;
			remoteGlobalIDString = CF9FB0801DCAF7CA00468C28;
			remoteInfo = Test;
		};
		CF9FB0A11DCAF7CA00468C28 /* PBXContainerItemProxy */ = {
			isa = PBXContainerItemProxy;
			containerPortal = CF9FB0791DCAF7CA00468C28 /* Project object */;
			proxyType = 1;
			remoteGlobalIDString = CF9FB0801DCAF7CA00468C28;
			remoteInfo = Test;
		};
/* End PBXContainerItemProxy section */

/* Begin PBXFileReference section */
		CF094E531DCC33CE0010F453 /* CoreSpotlight.framework */ = {isa = PBXFileReference; lastKnownFileType = wrapper.framework; name = CoreSpotlight.framework; path = System/Library/Frameworks/CoreSpotlight.framework; sourceTree = SDKROOT; };
		CF094E551DCC34280010F453 /* MobileCoreServices.framework */ = {isa = PBXFileReference; lastKnownFileType = wrapper.framework; name = MobileCoreServices.framework; path = System/Library/Frameworks/MobileCoreServices.framework; sourceTree = SDKROOT; };
		CF9FB0811DCAF7CA00468C28 /* Test.app */ = {isa = PBXFileReference; explicitFileType = wrapper.application; includeInIndex = 0; path = Test.app; sourceTree = BUILT_PRODUCTS_DIR; };
		CF9FB0841DCAF7CA00468C28 /* AppDelegate.swift */ = {isa = PBXFileReference; lastKnownFileType = sourcecode.swift; path = AppDelegate.swift; sourceTree = "<group>"; };
		CF9FB0891DCAF7CA00468C28 /* Base */ = {isa = PBXFileReference; lastKnownFileType = file.storyboard; name = Base; path = Base.lproj/Main.storyboard; sourceTree = "<group>"; };
		CF9FB08B1DCAF7CA00468C28 /* Assets.xcassets */ = {isa = PBXFileReference; lastKnownFileType = folder.assetcatalog; path = Assets.xcassets; sourceTree = "<group>"; };
		CF9FB08E1DCAF7CA00468C28 /* Base */ = {isa = PBXFileReference; lastKnownFileType = file.storyboard; name = Base; path = Base.lproj/LaunchScreen.storyboard; sourceTree = "<group>"; };
		CF9FB0901DCAF7CA00468C28 /* Info.plist */ = {isa = PBXFileReference; lastKnownFileType = text.plist.xml; path = Info.plist; sourceTree = "<group>"; };
		CF9FB0951DCAF7CA00468C28 /* TestTests.xctest */ = {isa = PBXFileReference; explicitFileType = wrapper.cfbundle; includeInIndex = 0; path = TestTests.xctest; sourceTree = BUILT_PRODUCTS_DIR; };
		CF9FB0991DCAF7CA00468C28 /* TestTests.swift */ = {isa = PBXFileReference; lastKnownFileType = sourcecode.swift; path = TestTests.swift; sourceTree = "<group>"; };
		CF9FB09B1DCAF7CA00468C28 /* Info.plist */ = {isa = PBXFileReference; lastKnownFileType = text.plist.xml; path = Info.plist; sourceTree = "<group>"; };
		CF9FB0A01DCAF7CA00468C28 /* TestUITests.xctest */ = {isa = PBXFileReference; explicitFileType = wrapper.cfbundle; includeInIndex = 0; path = TestUITests.xctest; sourceTree = BUILT_PRODUCTS_DIR; };
		CF9FB0A41DCAF7CA00468C28 /* TestUITests.swift */ = {isa = PBXFileReference; lastKnownFileType = sourcecode.swift; path = TestUITests.swift; sourceTree = "<group>"; };
		CF9FB0A61DCAF7CA00468C28 /* Info.plist */ = {isa = PBXFileReference; lastKnownFileType = text.plist.xml; path = Info.plist; sourceTree = "<group>"; };
		CF9FB0B21DCAFD2600468C28 /* EmployeeListController.swift */ = {isa = PBXFileReference; fileEncoding = 4; lastKnownFileType = sourcecode.swift; path = EmployeeListController.swift; sourceTree = "<group>"; };
		CF9FB0B41DCAFD4600468C28 /* EmployeeCreateController.swift */ = {isa = PBXFileReference; fileEncoding = 4; lastKnownFileType = sourcecode.swift; path = EmployeeCreateController.swift; sourceTree = "<group>"; };
		CF9FB0B61DCB270900468C28 /* StringExtension.swift */ = {isa = PBXFileReference; fileEncoding = 4; lastKnownFileType = sourcecode.swift; path = StringExtension.swift; sourceTree = "<group>"; };
/* End PBXFileReference section */

/* Begin PBXFrameworksBuildPhase section */
		CF9FB07E1DCAF7CA00468C28 /* Frameworks */ = {
			isa = PBXFrameworksBuildPhase;
			buildActionMask = 2147483647;
			files = (
				CF094E561DCC34280010F453 /* MobileCoreServices.framework in Frameworks */,
				CF094E541DCC33CE0010F453 /* CoreSpotlight.framework in Frameworks */,
			);
			runOnlyForDeploymentPostprocessing = 0;
		};
		CF9FB0921DCAF7CA00468C28 /* Frameworks */ = {
			isa = PBXFrameworksBuildPhase;
			buildActionMask = 2147483647;
			files = (
			);
			runOnlyForDeploymentPostprocessing = 0;
		};
		CF9FB09D1DCAF7CA00468C28 /* Frameworks */ = {
			isa = PBXFrameworksBuildPhase;
			buildActionMask = 2147483647;
			files = (
			);
			runOnlyForDeploymentPostprocessing = 0;
		};
/* End PBXFrameworksBuildPhase section */

/* Begin PBXGroup section */
		CF9FB0781DCAF7CA00468C28 = {
			isa = PBXGroup;
			children = (
				CF094E551DCC34280010F453 /* MobileCoreServices.framework */,
				CF094E531DCC33CE0010F453 /* CoreSpotlight.framework */,
				CF9FB0831DCAF7CA00468C28 /* Test */,
				CF9FB0981DCAF7CA00468C28 /* TestTests */,
				CF9FB0A31DCAF7CA00468C28 /* TestUITests */,
				CF9FB0821DCAF7CA00468C28 /* Products */,
			);
			sourceTree = "<group>";
		};
		CF9FB0821DCAF7CA00468C28 /* Products */ = {
			isa = PBXGroup;
			children = (
				CF9FB0811DCAF7CA00468C28 /* Test.app */,
				CF9FB0951DCAF7CA00468C28 /* TestTests.xctest */,
				CF9FB0A01DCAF7CA00468C28 /* TestUITests.xctest */,
			);
			name = Products;
			sourceTree = "<group>";
		};
		CF9FB0831DCAF7CA00468C28 /* Test */ = {
			isa = PBXGroup;
			children = (
				CF9FB0841DCAF7CA00468C28 /* AppDelegate.swift */,
				CF9FB0B21DCAFD2600468C28 /* EmployeeListController.swift */,
				CF9FB0B41DCAFD4600468C28 /* EmployeeCreateController.swift */,
				CF9FB0881DCAF7CA00468C28 /* Main.storyboard */,
				CF9FB08B1DCAF7CA00468C28 /* Assets.xcassets */,
				CF9FB08D1DCAF7CA00468C28 /* LaunchScreen.storyboard */,
				CF9FB0901DCAF7CA00468C28 /* Info.plist */,
				CF9FB0B61DCB270900468C28 /* StringExtension.swift */,
			);
			path = Test;
			sourceTree = "<group>";
		};
		CF9FB0981DCAF7CA00468C28 /* TestTests */ = {
			isa = PBXGroup;
			children = (
				CF9FB0991DCAF7CA00468C28 /* TestTests.swift */,
				CF9FB09B1DCAF7CA00468C28 /* Info.plist */,
			);
			path = TestTests;
			sourceTree = "<group>";
		};
		CF9FB0A31DCAF7CA00468C28 /* TestUITests */ = {
			isa = PBXGroup;
			children = (
				CF9FB0A41DCAF7CA00468C28 /* TestUITests.swift */,
				CF9FB0A61DCAF7CA00468C28 /* Info.plist */,
			);
			path = TestUITests;
			sourceTree = "<group>";
		};
/* End PBXGroup section */

/* Begin PBXNativeTarget section */
		CF9FB0801DCAF7CA00468C28 /* Test */ = {
			isa = PBXNativeTarget;
			buildConfigurationList = CF9FB0A91DCAF7CA00468C28 /* Build configuration list for PBXNativeTarget "Test" */;
			buildPhases = (
				CF9FB07D1DCAF7CA00468C28 /* Sources */,
				CF9FB07E1DCAF7CA00468C28 /* Frameworks */,
				CF9FB07F1DCAF7CA00468C28 /* Resources */,
			);
			buildRules = (
			);
			dependencies = (
			);
			name = Test;
			productName = Test;
			productReference = CF9FB0811DCAF7CA00468C28 /* Test.app */;
			productType = "com.apple.product-type.application";
		};
		CF9FB0941DCAF7CA00468C28 /* TestTests */ = {
			isa = PBXNativeTarget;
			buildConfigurationList = CF9FB0AC1DCAF7CA00468C28 /* Build configuration list for PBXNativeTarget "TestTests" */;
			buildPhases = (
				CF9FB0911DCAF7CA00468C28 /* Sources */,
				CF9FB0921DCAF7CA00468C28 /* Frameworks */,
				CF9FB0931DCAF7CA00468C28 /* Resources */,
			);
			buildRules = (
			);
			dependencies = (
				CF9FB0971DCAF7CA00468C28 /* PBXTargetDependency */,
			);
			name = TestTests;
			productName = TestTests;
			productReference = CF9FB0951DCAF7CA00468C28 /* TestTests.xctest */;
			productType = "com.apple.product-type.bundle.unit-test";
		};
		CF9FB09F1DCAF7CA00468C28 /* TestUITests */ = {
			isa = PBXNativeTarget;
			buildConfigurationList = CF9FB0AF1DCAF7CA00468C28 /* Build configuration list for PBXNativeTarget "TestUITests" */;
			buildPhases = (
				CF9FB09C1DCAF7CA00468C28 /* Sources */,
				CF9FB09D1DCAF7CA00468C28 /* Frameworks */,
				CF9FB09E1DCAF7CA00468C28 /* Resources */,
			);
			buildRules = (
			);
			dependencies = (
				CF9FB0A21DCAF7CA00468C28 /* PBXTargetDependency */,
			);
			name = TestUITests;
			productName = TestUITests;
			productReference = CF9FB0A01DCAF7CA00468C28 /* TestUITests.xctest */;
			productType = "com.apple.product-type.bundle.ui-testing";
		};
/* End PBXNativeTarget section */

/* Begin PBXProject section */
		CF9FB0791DCAF7CA00468C28 /* Project object */ = {
			isa = PBXProject;
			attributes = {
				LastSwiftUpdateCheck = 0730;
				LastUpgradeCheck = 0730;
				ORGANIZATIONNAME = "Tahia Ata";
				TargetAttributes = {
					CF9FB0801DCAF7CA00468C28 = {
						CreatedOnToolsVersion = 7.3.1;
						DevelopmentTeam = 64XXYQSE6P;
					};
					CF9FB0941DCAF7CA00468C28 = {
						CreatedOnToolsVersion = 7.3.1;
						DevelopmentTeam = 64XXYQSE6P;
						TestTargetID = CF9FB0801DCAF7CA00468C28;
					};
					CF9FB09F1DCAF7CA00468C28 = {
						CreatedOnToolsVersion = 7.3.1;
						DevelopmentTeam = 64XXYQSE6P;
						TestTargetID = CF9FB0801DCAF7CA00468C28;
					};
				};
			};
			buildConfigurationList = CF9FB07C1DCAF7CA00468C28 /* Build configuration list for PBXProject "Test" */;
			compatibilityVersion = "Xcode 3.2";
			developmentRegion = English;
			hasScannedForEncodings = 0;
			knownRegions = (
				en,
				Base,
			);
			mainGroup = CF9FB0781DCAF7CA00468C28;
			productRefGroup = CF9FB0821DCAF7CA00468C28 /* Products */;
			projectDirPath = "";
			projectRoot = "";
			targets = (
				CF9FB0801DCAF7CA00468C28 /* Test */,
				CF9FB0941DCAF7CA00468C28 /* TestTests */,
				CF9FB09F1DCAF7CA00468C28 /* TestUITests */,
			);
		};
/* End PBXProject section */

/* Begin PBXResourcesBuildPhase section */
		CF9FB07F1DCAF7CA00468C28 /* Resources */ = {
			isa = PBXResourcesBuildPhase;
			buildActionMask = 2147483647;
			files = (
				CF9FB08F1DCAF7CA00468C28 /* LaunchScreen.storyboard in Resources */,
				CF9FB08C1DCAF7CA00468C28 /* Assets.xcassets in Resources */,
				CF9FB08A1DCAF7CA00468C28 /* Main.storyboard in Resources */,
			);
			runOnlyForDeploymentPostprocessing = 0;
		};
		CF9FB0931DCAF7CA00468C28 /* Resources */ = {
			isa = PBXResourcesBuildPhase;
			buildActionMask = 2147483647;
			files = (
			);
			runOnlyForDeploymentPostprocessing = 0;
		};
		CF9FB09E1DCAF7CA00468C28 /* Resources */ = {
			isa = PBXResourcesBuildPhase;
			buildActionMask = 2147483647;
			files = (
			);
			runOnlyForDeploymentPostprocessing = 0;
		};
/* End PBXResourcesBuildPhase section */

/* Begin PBXSourcesBuildPhase section */
		CF9FB07D1DCAF7CA00468C28 /* Sources */ = {
			isa = PBXSourcesBuildPhase;
			buildActionMask = 2147483647;
			files = (
				CF9FB0B71DCB270900468C28 /* StringExtension.swift in Sources */,
				CF9FB0B31DCAFD2600468C28 /* EmployeeListController.swift in Sources */,
				CF9FB0851DCAF7CA00468C28 /* AppDelegate.swift in Sources */,
				CF9FB0B51DCAFD4600468C28 /* EmployeeCreateController.swift in Sources */,
			);
			runOnlyForDeploymentPostprocessing = 0;
		};
		CF9FB0911DCAF7CA00468C28 /* Sources */ = {
			isa = PBXSourcesBuildPhase;
			buildActionMask = 2147483647;
			files = (
				CF9FB09A1DCAF7CA00468C28 /* TestTests.swift in Sources */,
			);
			runOnlyForDeploymentPostprocessing = 0;
		};
		CF9FB09C1DCAF7CA00468C28 /* Sources */ = {
			isa = PBXSourcesBuildPhase;
			buildActionMask = 2147483647;
			files = (
				CF9FB0A51DCAF7CA00468C28 /* TestUITests.swift in Sources */,
			);
			runOnlyForDeploymentPostprocessing = 0;
		};
/* End PBXSourcesBuildPhase section */

/* Begin PBXTargetDependency section */
		CF9FB0971DCAF7CA00468C28 /* PBXTargetDependency */ = {
			isa = PBXTargetDependency;
			target = CF9FB0801DCAF7CA00468C28 /* Test */;
			targetProxy = CF9FB0961DCAF7CA00468C28 /* PBXContainerItemProxy */;
		};
		CF9FB0A21DCAF7CA00468C28 /* PBXTargetDependency */ = {
			isa = PBXTargetDependency;
			target = CF9FB0801DCAF7CA00468C28 /* Test */;
			targetProxy = CF9FB0A11DCAF7CA00468C28 /* PBXContainerItemProxy */;
		};
/* End PBXTargetDependency section */

/* Begin PBXVariantGroup section */
		CF9FB0881DCAF7CA00468C28 /* Main.storyboard */ = {
			isa = PBXVariantGroup;
			children = (
				CF9FB0891DCAF7CA00468C28 /* Base */,
			);
			name = Main.storyboard;
			sourceTree = "<group>";
		};
		CF9FB08D1DCAF7CA00468C28 /* LaunchScreen.storyboard */ = {
			isa = PBXVariantGroup;
			children = (
				CF9FB08E1DCAF7CA00468C28 /* Base */,
			);
			name = LaunchScreen.storyboard;
			sourceTree = "<group>";
		};
/* End PBXVariantGroup section */

/* Begin XCBuildConfiguration section */
		CF9FB0A71DCAF7CA00468C28 /* Debug */ = {
			isa = XCBuildConfiguration;
			buildSettings = {
				ALWAYS_SEARCH_USER_PATHS = NO;
				CLANG_ANALYZER_NONNULL = YES;
				CLANG_CXX_LANGUAGE_STANDARD = "gnu++0x";
				CLANG_CXX_LIBRARY = "libc++";
				CLANG_ENABLE_MODULES = YES;
				CLANG_ENABLE_OBJC_ARC = YES;
				CLANG_WARN_BOOL_CONVERSION = YES;
				CLANG_WARN_CONSTANT_CONVERSION = YES;
				CLANG_WARN_DIRECT_OBJC_ISA_USAGE = YES_ERROR;
				CLANG_WARN_EMPTY_BODY = YES;
				CLANG_WARN_ENUM_CONVERSION = YES;
				CLANG_WARN_INT_CONVERSION = YES;
				CLANG_WARN_OBJC_ROOT_CLASS = YES_ERROR;
				CLANG_WARN_UNREACHABLE_CODE = YES;
				CLANG_WARN__DUPLICATE_METHOD_MATCH = YES;
				"CODE_SIGN_IDENTITY[sdk=iphoneos*]" = "iPhone Developer";
				COPY_PHASE_STRIP = NO;
				DEBUG_INFORMATION_FORMAT = dwarf;
				ENABLE_STRICT_OBJC_MSGSEND = YES;
				ENABLE_TESTABILITY = YES;
				GCC_C_LANGUAGE_STANDARD = gnu99;
				GCC_DYNAMIC_NO_PIC = NO;
				GCC_NO_COMMON_BLOCKS = YES;
				GCC_OPTIMIZATION_LEVEL = 0;
				GCC_PREPROCESSOR_DEFINITIONS = (
					"DEBUG=1",
					"$(inherited)",
				);
				GCC_WARN_64_TO_32_BIT_CONVERSION = YES;
				GCC_WARN_ABOUT_RETURN_TYPE = YES_ERROR;
				GCC_WARN_UNDECLARED_SELECTOR = YES;
				GCC_WARN_UNINITIALIZED_AUTOS = YES_AGGRESSIVE;
				GCC_WARN_UNUSED_FUNCTION = YES;
				GCC_WARN_UNUSED_VARIABLE = YES;
				IPHONEOS_DEPLOYMENT_TARGET = 9.3;
				MTL_ENABLE_DEBUG_INFO = YES;
				ONLY_ACTIVE_ARCH = YES;
				SDKROOT = iphoneos;
				SWIFT_OPTIMIZATION_LEVEL = "-Onone";
			};
			name = Debug;
		};
		CF9FB0A81DCAF7CA00468C28 /* Release */ = {
			isa = XCBuildConfiguration;
			buildSettings = {
				ALWAYS_SEARCH_USER_PATHS = NO;
				CLANG_ANALYZER_NONNULL = YES;
				CLANG_CXX_LANGUAGE_STANDARD = "gnu++0x";
				CLANG_CXX_LIBRARY = "libc++";
				CLANG_ENABLE_MODULES = YES;
				CLANG_ENABLE_OBJC_ARC = YES;
				CLANG_WARN_BOOL_CONVERSION = YES;
				CLANG_WARN_CONSTANT_CONVERSION = YES;
				CLANG_WARN_DIRECT_OBJC_ISA_USAGE = YES_ERROR;
				CLANG_WARN_EMPTY_BODY = YES;
				CLANG_WARN_ENUM_CONVERSION = YES;
				CLANG_WARN_INT_CONVERSION = YES;
				CLANG_WARN_OBJC_ROOT_CLASS = YES_ERROR;
				CLANG_WARN_UNREACHABLE_CODE = YES;
				CLANG_WARN__DUPLICATE_METHOD_MATCH = YES;
				"CODE_SIGN_IDENTITY[sdk=iphoneos*]" = "iPhone Developer";
				COPY_PHASE_STRIP = NO;
				DEBUG_INFORMATION_FORMAT = "dwarf-with-dsym";
				ENABLE_NS_ASSERTIONS = NO;
				ENABLE_STRICT_OBJC_MSGSEND = YES;
				GCC_C_LANGUAGE_STANDARD = gnu99;
				GCC_NO_COMMON_BLOCKS = YES;
				GCC_WARN_64_TO_32_BIT_CONVERSION = YES;
				GCC_WARN_ABOUT_RETURN_TYPE = YES_ERROR;
				GCC_WARN_UNDECLARED_SELECTOR = YES;
				GCC_WARN_UNINITIALIZED_AUTOS = YES_AGGRESSIVE;
				GCC_WARN_UNUSED_FUNCTION = YES;
				GCC_WARN_UNUSED_VARIABLE = YES;
				IPHONEOS_DEPLOYMENT_TARGET = 9.3;
				MTL_ENABLE_DEBUG_INFO = NO;
				SDKROOT = iphoneos;
				VALIDATE_PRODUCT = YES;
			};
			name = Release;
		};
		CF9FB0AA1DCAF7CA00468C28 /* Debug */ = {
			isa = XCBuildConfiguration;
			buildSettings = {
				ASSETCATALOG_COMPILER_APPICON_NAME = AppIcon;
				INFOPLIST_FILE = Test/Info.plist;
				LD_RUNPATH_SEARCH_PATHS = "$(inherited) @executable_path/Frameworks";
				PRODUCT_BUNDLE_IDENTIFIER = xyz.Test;
				PRODUCT_NAME = "$(TARGET_NAME)";
			};
			name = Debug;
		};
		CF9FB0AB1DCAF7CA00468C28 /* Release */ = {
			isa = XCBuildConfiguration;
			buildSettings = {
				ASSETCATALOG_COMPILER_APPICON_NAME = AppIcon;
				INFOPLIST_FILE = Test/Info.plist;
				LD_RUNPATH_SEARCH_PATHS = "$(inherited) @executable_path/Frameworks";
				PRODUCT_BUNDLE_IDENTIFIER = xyz.Test;
				PRODUCT_NAME = "$(TARGET_NAME)";
			};
			name = Release;
		};
		CF9FB0AD1DCAF7CA00468C28 /* Debug */ = {
			isa = XCBuildConfiguration;
			buildSettings = {
				BUNDLE_LOADER = "$(TEST_HOST)";
				INFOPLIST_FILE = TestTests/Info.plist;
				LD_RUNPATH_SEARCH_PATHS = "$(inherited) @executable_path/Frameworks @loader_path/Frameworks";
				PRODUCT_BUNDLE_IDENTIFIER = xyz.TestTests;
				PRODUCT_NAME = "$(TARGET_NAME)";
				TEST_HOST = "$(BUILT_PRODUCTS_DIR)/Test.app/Test";
			};
			name = Debug;
		};
		CF9FB0AE1DCAF7CA00468C28 /* Release */ = {
			isa = XCBuildConfiguration;
			buildSettings = {
				BUNDLE_LOADER = "$(TEST_HOST)";
				INFOPLIST_FILE = TestTests/Info.plist;
				LD_RUNPATH_SEARCH_PATHS = "$(inherited) @executable_path/Frameworks @loader_path/Frameworks";
				PRODUCT_BUNDLE_IDENTIFIER = xyz.TestTests;
				PRODUCT_NAME = "$(TARGET_NAME)";
				TEST_HOST = "$(BUILT_PRODUCTS_DIR)/Test.app/Test";
			};
			name = Release;
		};
		CF9FB0B01DCAF7CA00468C28 /* Debug */ = {
			isa = XCBuildConfiguration;
			buildSettings = {
				INFOPLIST_FILE = TestUITests/Info.plist;
				LD_RUNPATH_SEARCH_PATHS = "$(inherited) @executable_path/Frameworks @loader_path/Frameworks";
				PRODUCT_BUNDLE_IDENTIFIER = xyz.TestUITests;
				PRODUCT_NAME = "$(TARGET_NAME)";
				TEST_TARGET_NAME = Test;
			};
			name = Debug;
		};
		CF9FB0B11DCAF7CA00468C28 /* Release */ = {
			isa = XCBuildConfiguration;
			buildSettings = {
				INFOPLIST_FILE = TestUITests/Info.plist;
				LD_RUNPATH_SEARCH_PATHS = "$(inherited) @executable_path/Frameworks @loader_path/Frameworks";
				PRODUCT_BUNDLE_IDENTIFIER = xyz.TestUITests;
				PRODUCT_NAME = "$(TARGET_NAME)";
				TEST_TARGET_NAME = Test;
			};
			name = Release;
		};
/* End XCBuildConfiguration section */

/* Begin XCConfigurationList section */
		CF9FB07C1DCAF7CA00468C28 /* Build configuration list for PBXProject "Test" */ = {
			isa = XCConfigurationList;
			buildConfigurations = (
				CF9FB0A71DCAF7CA00468C28 /* Debug */,
				CF9FB0A81DCAF7CA00468C28 /* Release */,
			);
			defaultConfigurationIsVisible = 0;
			defaultConfigurationName = Release;
		};
		CF9FB0A91DCAF7CA00468C28 /* Build configuration list for PBXNativeTarget "Test" */ = {
			isa = XCConfigurationList;
			buildConfigurations = (
				CF9FB0AA1DCAF7CA00468C28 /* Debug */,
				CF9FB0AB1DCAF7CA00468C28 /* Release */,
			);
			defaultConfigurationIsVisible = 0;
			defaultConfigurationName = Release;
		};
		CF9FB0AC1DCAF7CA00468C28 /* Build configuration list for PBXNativeTarget "TestTests" */ = {
			isa = XCConfigurationList;
			buildConfigurations = (
				CF9FB0AD1DCAF7CA00468C28 /* Debug */,
				CF9FB0AE1DCAF7CA00468C28 /* Release */,
			);
			defaultConfigurationIsVisible = 0;
			defaultConfigurationName = Release;
		};
		CF9FB0AF1DCAF7CA00468C28 /* Build configuration list for PBXNativeTarget "TestUITests" */ = {
			isa = XCConfigurationList;
			buildConfigurations = (
				CF9FB0B01DCAF7CA00468C28 /* Debug */,
				CF9FB0B11DCAF7CA00468C28 /* Release */,
			);
			defaultConfigurationIsVisible = 0;
			defaultConfigurationName = Release;
		};
/* End XCConfigurationList section */
	};
	rootObject = CF9FB0791DCAF7CA00468C28 /* Project object */;
}
